
Microsoft Visual Studio Solution File, Format Version 12.00
# Visual Studio 15
Project("{FAE04EC0-301F-11D3-BF4B-00C04F79EFBC}") = "Assembly-CSharp", "Assembly-CSharp.csproj", "{16C831AB-EC32-A849-C043-DB6493B5C8F6}"
EndProject
Project("{FAE04EC0-301F-11D3-BF4B-00C04F79EFBC}") = "Assembly-CSharp-firstpass", "Assembly-CSharp-firstpass.csproj", "{6EC93FAA-1B29-45F7-DC53-B3E80ECEEAB0}"
EndProject
Global
	GlobalSection(SolutionConfigurationPlatforms) = preSolution
		Debug|Any CPU = Debug|Any CPU
		Release|Any CPU = Release|Any CPU
	EndGlobalSection
	GlobalSection(ProjectConfigurationPlatforms) = postSolution
		{16C831AB-EC32-A849-C043-DB6493B5C8F6}.Debug|Any CPU.ActiveCfg = Debug|Any CPU
		{16C831AB-EC32-A849-C043-DB6493B5C8F6}.Debug|Any CPU.Build.0 = Debug|Any CPU
		{16C831AB-EC32-A849-C043-DB6493B5C8F6}.Release|Any CPU.ActiveCfg = Release|Any CPU
		{16C831AB-EC32-A849-C043-DB6493B5C8F6}.Release|Any CPU.Build.0 = Release|Any CPU
		{6EC93FAA-1B29-45F7-DC53-B3E80ECEEAB0}.Debug|Any CPU.ActiveCfg = Debug|Any CPU
		{6EC93FAA-1B29-45F7-DC53-B3E80ECEEAB0}.Debug|Any CPU.Build.0 = Debug|Any CPU
		{6EC93FAA-1B29-45F7-DC53-B3E80ECEEAB0}.Release|Any CPU.ActiveCfg = Release|Any CPU
		{6EC93FAA-1B29-45F7-DC53-B3E80ECEEAB0}.Release|Any CPU.Build.0 = Release|Any CPU
	EndGlobalSection
	GlobalSection(SolutionProperties) = preSolution
		HideSolutionNode = FALSE
	EndGlobalSection
EndGlobal
